
Microsoft Visual Studio Solution File, Format Version 12.00
# Visual Studio Version 17
VisualStudioVersion = 17.9.34723.18
MinimumVisualStudioVersion = 10.0.40219.1
Project("{FAE04EC0-301F-11D3-BF4B-00C04F79EFBC}") = "Inzynieria_oprogramowania_API", "Inzynieria_oprogramowania_API.csproj", "{A47C58D6-D027-4C10-92FB-C06C78977414}"
EndProject
Global
	GlobalSection(SolutionConfigurationPlatforms) = preSolution
		Debug|Any CPU = Debug|Any CPU
		Release|Any CPU = Release|Any CPU
	EndGlobalSection
	GlobalSection(ProjectConfigurationPlatforms) = postSolution
		{A47C58D6-D027-4C10-92FB-C06C78977414}.Debug|Any CPU.ActiveCfg = Debug|Any CPU
		{A47C58D6-D027-4C10-92FB-C06C78977414}.Debug|Any CPU.Build.0 = Debug|Any CPU
		{A47C58D6-D027-4C10-92FB-C06C78977414}.Release|Any CPU.ActiveCfg = Release|Any CPU
		{A47C58D6-D027-4C10-92FB-C06C78977414}.Release|Any CPU.Build.0 = Release|Any CPU
	EndGlobalSection
	GlobalSection(SolutionProperties) = preSolution
		HideSolutionNode = FALSE
	EndGlobalSection
	GlobalSection(ExtensibilityGlobals) = postSolution
		SolutionGuid = {90B59D21-23F5-494E-A219-E98881C9A9C3}
	EndGlobalSection
EndGlobal
